
Microsoft Visual Studio Solution File, Format Version 12.00
# Visual Studio 15
VisualStudioVersion = 15.0.26403.7
MinimumVisualStudioVersion = 10.0.40219.1
Project("{FAE04EC0-301F-11D3-BF4B-00C04F79EFBC}") = "RunescapeBot", "RunescapeBot\RunescapeBot.csproj", "{CAE13261-343F-4911-822E-5214DC9B4DE8}"
EndProject
Project("{FAE04EC0-301F-11D3-BF4B-00C04F79EFBC}") = "RunescapeBotTests", "RunescapeBotTests\RunescapeBotTests.csproj", "{8BB9A026-80F6-418E-8A17-83E35A3F5D82}"
EndProject
Project("{FAE04EC0-301F-11D3-BF4B-00C04F79EFBC}") = "ChatServer", "ChatServer\ChatServer.csproj", "{8830B257-83C6-4576-981B-73CA8C9ECD70}"
EndProject
Project("{FAE04EC0-301F-11D3-BF4B-00C04F79EFBC}") = "ChatServer.Tests", "ChatServer.Tests\ChatServer.Tests.csproj", "{B0333F1F-9782-4D95-B712-4795CAFBAA7C}"
EndProject
Global
	GlobalSection(SolutionConfigurationPlatforms) = preSolution
		Debug|Any CPU = Debug|Any CPU
		Release|Any CPU = Release|Any CPU
	EndGlobalSection
	GlobalSection(ProjectConfigurationPlatforms) = postSolution
		{CAE13261-343F-4911-822E-5214DC9B4DE8}.Debug|Any CPU.ActiveCfg = Debug|Any CPU
		{CAE13261-343F-4911-822E-5214DC9B4DE8}.Debug|Any CPU.Build.0 = Debug|Any CPU
		{CAE13261-343F-4911-822E-5214DC9B4DE8}.Release|Any CPU.ActiveCfg = Release|Any CPU
		{CAE13261-343F-4911-822E-5214DC9B4DE8}.Release|Any CPU.Build.0 = Release|Any CPU
		{8BB9A026-80F6-418E-8A17-83E35A3F5D82}.Debug|Any CPU.ActiveCfg = Debug|Any CPU
		{8BB9A026-80F6-418E-8A17-83E35A3F5D82}.Debug|Any CPU.Build.0 = Debug|Any CPU
		{8BB9A026-80F6-418E-8A17-83E35A3F5D82}.Release|Any CPU.ActiveCfg = Release|Any CPU
		{8BB9A026-80F6-418E-8A17-83E35A3F5D82}.Release|Any CPU.Build.0 = Release|Any CPU
		{8830B257-83C6-4576-981B-73CA8C9ECD70}.Debug|Any CPU.ActiveCfg = Debug|Any CPU
		{8830B257-83C6-4576-981B-73CA8C9ECD70}.Debug|Any CPU.Build.0 = Debug|Any CPU
		{8830B257-83C6-4576-981B-73CA8C9ECD70}.Release|Any CPU.ActiveCfg = Release|Any CPU
		{8830B257-83C6-4576-981B-73CA8C9ECD70}.Release|Any CPU.Build.0 = Release|Any CPU
		{B0333F1F-9782-4D95-B712-4795CAFBAA7C}.Debug|Any CPU.ActiveCfg = Debug|Any CPU
		{B0333F1F-9782-4D95-B712-4795CAFBAA7C}.Debug|Any CPU.Build.0 = Debug|Any CPU
		{B0333F1F-9782-4D95-B712-4795CAFBAA7C}.Release|Any CPU.ActiveCfg = Release|Any CPU
		{B0333F1F-9782-4D95-B712-4795CAFBAA7C}.Release|Any CPU.Build.0 = Release|Any CPU
	EndGlobalSection
	GlobalSection(SolutionProperties) = preSolution
		HideSolutionNode = FALSE
	EndGlobalSection
	GlobalSection(ExtensibilityGlobals) = postSolution
		SolutionGuid = {F98D91CC-B112-4DAA-88C2-A9B25889B593}
	EndGlobalSection
EndGlobal
